
Microsoft Visual Studio Solution File, Format Version 12.00
# Visual Studio Version 17
VisualStudioVersion = 17.4.33213.308
MinimumVisualStudioVersion = 10.0.40219.1
Project("{FAE04EC0-301F-11D3-BF4B-00C04F79EFBC}") = "ToTheCore", "ToTheCore\ToTheCore.csproj", "{84D5934A-11AC-468D-981D-B40CBF5BA93B}"
EndProject
Global
	GlobalSection(SolutionConfigurationPlatforms) = preSolution
		Debug|Any CPU = Debug|Any CPU
		Release|Any CPU = Release|Any CPU
	EndGlobalSection
	GlobalSection(ProjectConfigurationPlatforms) = postSolution
		{84D5934A-11AC-468D-981D-B40CBF5BA93B}.Debug|Any CPU.ActiveCfg = Debug|Any CPU
		{84D5934A-11AC-468D-981D-B40CBF5BA93B}.Debug|Any CPU.Build.0 = Debug|Any CPU
		{84D5934A-11AC-468D-981D-B40CBF5BA93B}.Release|Any CPU.ActiveCfg = Release|Any CPU
		{84D5934A-11AC-468D-981D-B40CBF5BA93B}.Release|Any CPU.Build.0 = Release|Any CPU
	EndGlobalSection
	GlobalSection(SolutionProperties) = preSolution
		HideSolutionNode = FALSE
	EndGlobalSection
	GlobalSection(ExtensibilityGlobals) = postSolution
		SolutionGuid = {F21DE6ED-59E2-42B2-9AF7-E4A630E9BD43}
	EndGlobalSection
EndGlobal
